
Microsoft Visual Studio Solution File, Format Version 12.00
# Visual Studio Version 16
VisualStudioVersion = 16.0.28803.452
MinimumVisualStudioVersion = 10.0.40219.1
Project("{8BC9CEB8-8B4A-11D0-8D11-00A0C91BC942}") = "Daily11", "Daily11\Daily11.vcxproj", "{BB42387E-9EC5-48E1-9193-B9F7A0821C70}"
EndProject
Global
	GlobalSection(SolutionConfigurationPlatforms) = preSolution
		Debug|x64 = Debug|x64
		Debug|x86 = Debug|x86
		Release|x64 = Release|x64
		Release|x86 = Release|x86
	EndGlobalSection
	GlobalSection(ProjectConfigurationPlatforms) = postSolution
		{BB42387E-9EC5-48E1-9193-B9F7A0821C70}.Debug|x64.ActiveCfg = Debug|x64
		{BB42387E-9EC5-48E1-9193-B9F7A0821C70}.Debug|x64.Build.0 = Debug|x64
		{BB42387E-9EC5-48E1-9193-B9F7A0821C70}.Debug|x86.ActiveCfg = Debug|Win32
		{BB42387E-9EC5-48E1-9193-B9F7A0821C70}.Debug|x86.Build.0 = Debug|Win32
		{BB42387E-9EC5-48E1-9193-B9F7A0821C70}.Release|x64.ActiveCfg = Release|x64
		{BB42387E-9EC5-48E1-9193-B9F7A0821C70}.Release|x64.Build.0 = Release|x64
		{BB42387E-9EC5-48E1-9193-B9F7A0821C70}.Release|x86.ActiveCfg = Release|Win32
		{BB42387E-9EC5-48E1-9193-B9F7A0821C70}.Release|x86.Build.0 = Release|Win32
	EndGlobalSection
	GlobalSection(SolutionProperties) = preSolution
		HideSolutionNode = FALSE
	EndGlobalSection
	GlobalSection(ExtensibilityGlobals) = postSolution
		SolutionGuid = {B7B34FF1-91CF-4254-A1FC-5896C066823A}
	EndGlobalSection
EndGlobal
